
Microsoft Visual Studio Solution File, Format Version 12.00
# Visual Studio Version 16
VisualStudioVersion = 16.0.30413.136
MinimumVisualStudioVersion = 10.0.40219.1
Project("{9A19103F-16F7-4668-BE54-9A1E7A4F7556}") = "DnD10k", "DnD10k/DnD10k.csproj", "{C139489F-F1D0-4082-BB91-F17319F048FB}"
EndProject
Global
	GlobalSection(SolutionConfigurationPlatforms) = preSolution
		Debug|Any CPU = Debug|Any CPU
		Release|Any CPU = Release|Any CPU
	EndGlobalSection
	GlobalSection(ProjectConfigurationPlatforms) = postSolution
		{C139489F-F1D0-4082-BB91-F17319F048FB}.Debug|Any CPU.ActiveCfg = Debug|Any CPU
		{C139489F-F1D0-4082-BB91-F17319F048FB}.Debug|Any CPU.Build.0 = Debug|Any CPU
		{C139489F-F1D0-4082-BB91-F17319F048FB}.Release|Any CPU.ActiveCfg = Release|Any CPU
		{C139489F-F1D0-4082-BB91-F17319F048FB}.Release|Any CPU.Build.0 = Release|Any CPU
	EndGlobalSection
	GlobalSection(SolutionProperties) = preSolution
		HideSolutionNode = FALSE
	EndGlobalSection
	GlobalSection(ExtensibilityGlobals) = postSolution
		SolutionGuid = {FA7442E1-1130-409C-8A6B-C9EA133C8827}
	EndGlobalSection
EndGlobal
